{
  "requires": true,
  "lockfileVersion": 1,
  "dependencies": {
    "lodash": {
      "version": "4.17.20",
      "resolved": "https://registry.npmjs.org/lodash/-/lodash-4.17.20.tgz",
      "integrity": "sha512-PlhdFcillOINfeV7Ni6oF1TAEayyZBoZ8bcshTHqOYJYlrqzRK5hagpagky5o4HfCzzd1TRkXPMFq6cKk9rGmA=="
    },
    "nco": {
      "version": "1.0.1",
      "resolved": "https://registry.npmjs.org/nco/-/nco-1.0.1.tgz",
      "integrity": "sha1-ho3kI7T0X4wFVV8cyyiqeIvgbFI="
    },
    "semver": {
      "version": "5.4.1",
      "resolved": "https://registry.npmjs.org/semver/-/semver-5.4.1.tgz",
      "integrity": "sha512-WfG/X9+oATh81XtllIo/I8gOiY9EXRdv1cQdyykeXK17YcUW3EXUAi2To4pcH6nZtJPr7ZOpM5OMyWJZm+8Rsg=="
    },
    "serverless-iam-roles-per-function": {
      "version": "2.0.2",
      "resolved": "https://registry.npmjs.org/serverless-iam-roles-per-function/-/serverless-iam-roles-per-function-2.0.2.tgz",
      "integrity": "sha512-3zv4Af3x7KJHC4fuJMHniEEstCljMghReaYIg94Spdsqkhiy8GJ3yfJ5Jy+wiG/DvyObK91JJNMjLhDnDc+vCQ==",
      "requires": {
        "lodash": "^4.17.15"
      }
    },
    "serverless-log-forwarding": {
      "version": "1.4.0",
      "resolved": "https://registry.npmjs.org/serverless-log-forwarding/-/serverless-log-forwarding-1.4.0.tgz",
      "integrity": "sha512-+LBfP1JmDM+MIWVlFJ6JMU6c/TIL7Ukh75aWe32/a7k65032DrjCb/ZVkN+C7ncEP2o8d3FVf1iSerywaU/jeQ==",
      "requires": {
        "underscore": "^1.8.3"
      }
    },
    "serverless-plugin-log-retention": {
      "version": "2.0.0",
      "resolved": "https://registry.npmjs.org/serverless-plugin-log-retention/-/serverless-plugin-log-retention-2.0.0.tgz",
      "integrity": "sha512-TXKMfLdVxhamyaDbqr+gwjIeiqSnDw3z+bZQy0W2ctRpcedUY8hg58wwMZqAFyMS3QekHT9srCe4Qv7lfPwkGw==",
      "requires": {
        "nco": "1.0.1",
        "semver": "5.4.1"
      }
    },
    "underscore": {
      "version": "1.11.0",
      "resolved": "https://registry.npmjs.org/underscore/-/underscore-1.11.0.tgz",
      "integrity": "sha512-xY96SsN3NA461qIRKZ/+qox37YXPtSBswMGfiNptr+wrt6ds4HaMw23TP612fEyGekRE6LNRiLYr/aqbHXNedw=="
    }
  }
}
